lockfileVersion: '9.0'

settings:
  autoInstallPeers: true
  excludeLinksFromLockfile: false

importers:

  .:
    dependencies:
      openapi-fetch:
        specifier: ^0.12.0
        version: 0.12.0

packages:

  openapi-fetch@0.12.0:
    resolution: {integrity: sha512-D/g5BUGiOAKqivR5s02veJ2+cMHzrkFJKberKP4Z8Vl2VhE6MMirI6wWOgpp8wlsYCRRK7CX0NCGVL/mt6l1fA==}

  openapi-typescript-helpers@0.0.13:
    resolution: {integrity: sha512-z44WK2e7ygW3aUtAtiurfEACohf/Qt9g6BsejmIYgEoY4REHeRzgFJmO3ium0libsuzPc145I+8lE9aiiZrQvQ==}

snapshots:

  openapi-fetch@0.12.0:
    dependencies:
      openapi-typescript-helpers: 0.0.13

  openapi-typescript-helpers@0.0.13: {}
